
Microsoft Visual Studio Solution File, Format Version 12.00
# Visual Studio Version 17
VisualStudioVersion = 17.6.33829.357
MinimumVisualStudioVersion = 10.0.40219.1
Project("{FAE04EC0-301F-11D3-BF4B-00C04F79EFBC}") = "SignalR_begin", "SignalR_begin.csproj", "{256436D4-F180-49D8-80F6-A6F83CB52F17}"
EndProject
Global
	GlobalSection(SolutionConfigurationPlatforms) = preSolution
		Debug|Any CPU = Debug|Any CPU
		Release|Any CPU = Release|Any CPU
	EndGlobalSection
	GlobalSection(ProjectConfigurationPlatforms) = postSolution
		{256436D4-F180-49D8-80F6-A6F83CB52F17}.Debug|Any CPU.ActiveCfg = Debug|Any CPU
		{256436D4-F180-49D8-80F6-A6F83CB52F17}.Debug|Any CPU.Build.0 = Debug|Any CPU
		{256436D4-F180-49D8-80F6-A6F83CB52F17}.Release|Any CPU.ActiveCfg = Release|Any CPU
		{256436D4-F180-49D8-80F6-A6F83CB52F17}.Release|Any CPU.Build.0 = Release|Any CPU
	EndGlobalSection
	GlobalSection(SolutionProperties) = preSolution
		HideSolutionNode = FALSE
	EndGlobalSection
	GlobalSection(ExtensibilityGlobals) = postSolution
		SolutionGuid = {BC84CC08-1366-470E-A2AC-C3F293EC3C61}
	EndGlobalSection
EndGlobal
